
Microsoft Visual Studio Solution File, Format Version 12.00
# Visual Studio Version 16
VisualStudioVersion = 16.0.31605.320
MinimumVisualStudioVersion = 10.0.40219.1
Project("{9A19103F-16F7-4668-BE54-9A1E7A4F7556}") = "Api", "Api\Api.csproj", "{ECD1043A-1908-4F6C-B68B-872402CB6562}"
EndProject
Project("{FAE04EC0-301F-11D3-BF4B-00C04F79EFBC}") = "Core", "Core\Core.csproj", "{DADD30FD-FB17-4057-B994-97ACA19E8B2A}"
EndProject
Project("{FAE04EC0-301F-11D3-BF4B-00C04F79EFBC}") = "Infrastructure", "Infrastructure\Infrastructure.csproj", "{3F702598-4CDB-4A36-9F75-164F71C1C5A4}"
EndProject
Global
	GlobalSection(SolutionConfigurationPlatforms) = preSolution
		Debug|Any CPU = Debug|Any CPU
		Release|Any CPU = Release|Any CPU
	EndGlobalSection
	GlobalSection(ProjectConfigurationPlatforms) = postSolution
		{ECD1043A-1908-4F6C-B68B-872402CB6562}.Debug|Any CPU.ActiveCfg = Debug|Any CPU
		{ECD1043A-1908-4F6C-B68B-872402CB6562}.Debug|Any CPU.Build.0 = Debug|Any CPU
		{ECD1043A-1908-4F6C-B68B-872402CB6562}.Release|Any CPU.ActiveCfg = Release|Any CPU
		{ECD1043A-1908-4F6C-B68B-872402CB6562}.Release|Any CPU.Build.0 = Release|Any CPU
		{DADD30FD-FB17-4057-B994-97ACA19E8B2A}.Debug|Any CPU.ActiveCfg = Debug|Any CPU
		{DADD30FD-FB17-4057-B994-97ACA19E8B2A}.Debug|Any CPU.Build.0 = Debug|Any CPU
		{DADD30FD-FB17-4057-B994-97ACA19E8B2A}.Release|Any CPU.ActiveCfg = Release|Any CPU
		{DADD30FD-FB17-4057-B994-97ACA19E8B2A}.Release|Any CPU.Build.0 = Release|Any CPU
		{3F702598-4CDB-4A36-9F75-164F71C1C5A4}.Debug|Any CPU.ActiveCfg = Debug|Any CPU
		{3F702598-4CDB-4A36-9F75-164F71C1C5A4}.Debug|Any CPU.Build.0 = Debug|Any CPU
		{3F702598-4CDB-4A36-9F75-164F71C1C5A4}.Release|Any CPU.ActiveCfg = Release|Any CPU
		{3F702598-4CDB-4A36-9F75-164F71C1C5A4}.Release|Any CPU.Build.0 = Release|Any CPU
	EndGlobalSection
	GlobalSection(SolutionProperties) = preSolution
		HideSolutionNode = FALSE
	EndGlobalSection
	GlobalSection(ExtensibilityGlobals) = postSolution
		SolutionGuid = {66891D5D-4FA2-4F1B-BBD4-B1707A89559B}
	EndGlobalSection
EndGlobal
